
Microsoft Visual Studio Solution File, Format Version 12.00
# Visual Studio Version 17
VisualStudioVersion = 17.13.35825.156 d17.13
MinimumVisualStudioVersion = 10.0.40219.1
Project("{FAE04EC0-301F-11D3-BF4B-00C04F79EFBC}") = "TCPGeckoAromaLibrary", "TCPGeckoAromaLibrary.csproj", "{8969FC2B-08D8-4EC9-8CA7-2CEBDF199EA8}"
EndProject
Global
	GlobalSection(SolutionConfigurationPlatforms) = preSolution
		Debug|Any CPU = Debug|Any CPU
		Release|Any CPU = Release|Any CPU
	EndGlobalSection
	GlobalSection(ProjectConfigurationPlatforms) = postSolution
		{8969FC2B-08D8-4EC9-8CA7-2CEBDF199EA8}.Debug|Any CPU.ActiveCfg = Debug|Any CPU
		{8969FC2B-08D8-4EC9-8CA7-2CEBDF199EA8}.Debug|Any CPU.Build.0 = Debug|Any CPU
		{8969FC2B-08D8-4EC9-8CA7-2CEBDF199EA8}.Release|Any CPU.ActiveCfg = Release|Any CPU
		{8969FC2B-08D8-4EC9-8CA7-2CEBDF199EA8}.Release|Any CPU.Build.0 = Release|Any CPU
	EndGlobalSection
	GlobalSection(SolutionProperties) = preSolution
		HideSolutionNode = FALSE
	EndGlobalSection
	GlobalSection(ExtensibilityGlobals) = postSolution
		SolutionGuid = {AC330360-74D5-4EB9-B890-279A052C36EA}
	EndGlobalSection
EndGlobal
